
Microsoft Visual Studio Solution File, Format Version 12.00
# Visual Studio Version 17
VisualStudioVersion = 17.14.36414.22
MinimumVisualStudioVersion = 10.0.40219.1
Project("{FAE04EC0-301F-11D3-BF4B-00C04F79EFBC}") = "Seriog.Sink.Redis.Core", "Seriog.Sink.Redis.Core\Seriog.Sink.Redis.Core.csproj", "{FBFE1C1D-581B-40AE-6E38-89C1F6013238}"
EndProject
Project("{FAE04EC0-301F-11D3-BF4B-00C04F79EFBC}") = "Serilog.Sink.Redis.Writer", "Serilog.Sink.Redis.Writer\Serilog.Sink.Redis.Writer.csproj", "{BE0B81B4-8961-8438-726C-46ABB6699BCE}"
EndProject
Project("{FAE04EC0-301F-11D3-BF4B-00C04F79EFBC}") = "Serilog.Sink.Redis", "Serilog.Sink.Redis\Serilog.Sink.Redis.csproj", "{7C091F93-4C7E-5FF1-156C-68F9F6AA653C}"
EndProject
Project("{2150E333-8FDC-42A3-9474-1A3956D46DE8}") = "Tests", "Tests", "{36D591C7-65C7-A0D1-1CBC-10CDE441BDC8}"
EndProject
Project("{FAE04EC0-301F-11D3-BF4B-00C04F79EFBC}") = "Serilog.Sink.Redis.Core.Tests", "Tests\Serilog.Sink.Redis.Core.Tests\Serilog.Sink.Redis.Core.Tests.csproj", "{6E2E0342-9C13-1FE7-CF29-6A03CE5700DA}"
EndProject
Global
	GlobalSection(SolutionConfigurationPlatforms) = preSolution
		Debug|Any CPU = Debug|Any CPU
		Release|Any CPU = Release|Any CPU
	EndGlobalSection
	GlobalSection(ProjectConfigurationPlatforms) = postSolution
		{FBFE1C1D-581B-40AE-6E38-89C1F6013238}.Debug|Any CPU.ActiveCfg = Debug|Any CPU
		{FBFE1C1D-581B-40AE-6E38-89C1F6013238}.Debug|Any CPU.Build.0 = Debug|Any CPU
		{FBFE1C1D-581B-40AE-6E38-89C1F6013238}.Release|Any CPU.ActiveCfg = Release|Any CPU
		{FBFE1C1D-581B-40AE-6E38-89C1F6013238}.Release|Any CPU.Build.0 = Release|Any CPU
		{BE0B81B4-8961-8438-726C-46ABB6699BCE}.Debug|Any CPU.ActiveCfg = Debug|Any CPU
		{BE0B81B4-8961-8438-726C-46ABB6699BCE}.Debug|Any CPU.Build.0 = Debug|Any CPU
		{BE0B81B4-8961-8438-726C-46ABB6699BCE}.Release|Any CPU.ActiveCfg = Release|Any CPU
		{BE0B81B4-8961-8438-726C-46ABB6699BCE}.Release|Any CPU.Build.0 = Release|Any CPU
		{7C091F93-4C7E-5FF1-156C-68F9F6AA653C}.Debug|Any CPU.ActiveCfg = Debug|Any CPU
		{7C091F93-4C7E-5FF1-156C-68F9F6AA653C}.Debug|Any CPU.Build.0 = Debug|Any CPU
		{7C091F93-4C7E-5FF1-156C-68F9F6AA653C}.Release|Any CPU.ActiveCfg = Release|Any CPU
		{7C091F93-4C7E-5FF1-156C-68F9F6AA653C}.Release|Any CPU.Build.0 = Release|Any CPU
		{6E2E0342-9C13-1FE7-CF29-6A03CE5700DA}.Debug|Any CPU.ActiveCfg = Debug|Any CPU
		{6E2E0342-9C13-1FE7-CF29-6A03CE5700DA}.Debug|Any CPU.Build.0 = Debug|Any CPU
		{6E2E0342-9C13-1FE7-CF29-6A03CE5700DA}.Release|Any CPU.ActiveCfg = Release|Any CPU
		{6E2E0342-9C13-1FE7-CF29-6A03CE5700DA}.Release|Any CPU.Build.0 = Release|Any CPU
	EndGlobalSection
	GlobalSection(SolutionProperties) = preSolution
		HideSolutionNode = FALSE
	EndGlobalSection
	GlobalSection(NestedProjects) = preSolution
		{6E2E0342-9C13-1FE7-CF29-6A03CE5700DA} = {36D591C7-65C7-A0D1-1CBC-10CDE441BDC8}
	EndGlobalSection
	GlobalSection(ExtensibilityGlobals) = postSolution
		SolutionGuid = {A963603E-A474-48FC-B174-C34E2CFC3092}
	EndGlobalSection
EndGlobal
